
Microsoft Visual Studio Solution File, Format Version 12.00
# Visual Studio Version 17
VisualStudioVersion = 17.4.33205.214
MinimumVisualStudioVersion = 10.0.40219.1
Project("{9A19103F-16F7-4668-BE54-9A1E7A4F7556}") = "DillonRPG.Service", "DillonRPG\DillonRPG.Service.csproj", "{F5C863C6-2C9F-4DF3-A2B2-2D35E1DD9630}"
EndProject
Project("{9A19103F-16F7-4668-BE54-9A1E7A4F7556}") = "DillonRPG.Repository", "DillonRPGRepository\DillonRPG.Repository.csproj", "{A7D34FC6-FDEC-4DAF-8712-9FA52D80005C}"
EndProject
Project("{9A19103F-16F7-4668-BE54-9A1E7A4F7556}") = "DillonRPG.Maui", "DillonRPGMobile\DillonRPG.Maui.csproj", "{8EED51EF-281A-406D-BC89-17D3C570627F}"
	ProjectSection(ProjectDependencies) = postProject
		{04AFA5E0-7E2C-45B1-9433-6CEF832C9877} = {04AFA5E0-7E2C-45B1-9433-6CEF832C9877}
	EndProjectSection
EndProject
Project("{9A19103F-16F7-4668-BE54-9A1E7A4F7556}") = "DillonRPG.Service.Client", "DillonRPG.Service.Client\DillonRPG.Service.Client.csproj", "{04AFA5E0-7E2C-45B1-9433-6CEF832C9877}"
EndProject
Project("{9A19103F-16F7-4668-BE54-9A1E7A4F7556}") = "DillonRPG.Components.UI", "DillonRpg.Components.UI\DillonRPG.Components.UI.csproj", "{ACC0EF86-4636-4842-842F-FF6D9CD4A47E}"
EndProject
Project("{9A19103F-16F7-4668-BE54-9A1E7A4F7556}") = "DillonRPG.Web", "DillonRPG.Web\DillonRPG.Web.csproj", "{9A4E6E1D-8093-442F-869A-989CD01BE0C3}"
EndProject
Project("{9A19103F-16F7-4668-BE54-9A1E7A4F7556}") = "DillonRPG.Common", "DillonRPG.Common\DillonRPG.Common.csproj", "{ED2DD658-1543-4A88-BEE0-861F8D76515B}"
EndProject
Global
	GlobalSection(SolutionConfigurationPlatforms) = preSolution
		Debug|Any CPU = Debug|Any CPU
		Release|Any CPU = Release|Any CPU
	EndGlobalSection
	GlobalSection(ProjectConfigurationPlatforms) = postSolution
		{F5C863C6-2C9F-4DF3-A2B2-2D35E1DD9630}.Debug|Any CPU.ActiveCfg = Debug|Any CPU
		{F5C863C6-2C9F-4DF3-A2B2-2D35E1DD9630}.Debug|Any CPU.Build.0 = Debug|Any CPU
		{F5C863C6-2C9F-4DF3-A2B2-2D35E1DD9630}.Release|Any CPU.ActiveCfg = Release|Any CPU
		{F5C863C6-2C9F-4DF3-A2B2-2D35E1DD9630}.Release|Any CPU.Build.0 = Release|Any CPU
		{A7D34FC6-FDEC-4DAF-8712-9FA52D80005C}.Debug|Any CPU.ActiveCfg = Debug|Any CPU
		{A7D34FC6-FDEC-4DAF-8712-9FA52D80005C}.Debug|Any CPU.Build.0 = Debug|Any CPU
		{A7D34FC6-FDEC-4DAF-8712-9FA52D80005C}.Release|Any CPU.ActiveCfg = Release|Any CPU
		{A7D34FC6-FDEC-4DAF-8712-9FA52D80005C}.Release|Any CPU.Build.0 = Release|Any CPU
		{8EED51EF-281A-406D-BC89-17D3C570627F}.Debug|Any CPU.ActiveCfg = Debug|Any CPU
		{8EED51EF-281A-406D-BC89-17D3C570627F}.Debug|Any CPU.Build.0 = Debug|Any CPU
		{8EED51EF-281A-406D-BC89-17D3C570627F}.Debug|Any CPU.Deploy.0 = Debug|Any CPU
		{8EED51EF-281A-406D-BC89-17D3C570627F}.Release|Any CPU.ActiveCfg = Release|Any CPU
		{8EED51EF-281A-406D-BC89-17D3C570627F}.Release|Any CPU.Build.0 = Release|Any CPU
		{8EED51EF-281A-406D-BC89-17D3C570627F}.Release|Any CPU.Deploy.0 = Release|Any CPU
		{04AFA5E0-7E2C-45B1-9433-6CEF832C9877}.Debug|Any CPU.ActiveCfg = Debug|Any CPU
		{04AFA5E0-7E2C-45B1-9433-6CEF832C9877}.Debug|Any CPU.Build.0 = Debug|Any CPU
		{04AFA5E0-7E2C-45B1-9433-6CEF832C9877}.Release|Any CPU.ActiveCfg = Release|Any CPU
		{04AFA5E0-7E2C-45B1-9433-6CEF832C9877}.Release|Any CPU.Build.0 = Release|Any CPU
		{ACC0EF86-4636-4842-842F-FF6D9CD4A47E}.Debug|Any CPU.ActiveCfg = Debug|Any CPU
		{ACC0EF86-4636-4842-842F-FF6D9CD4A47E}.Debug|Any CPU.Build.0 = Debug|Any CPU
		{ACC0EF86-4636-4842-842F-FF6D9CD4A47E}.Release|Any CPU.ActiveCfg = Release|Any CPU
		{ACC0EF86-4636-4842-842F-FF6D9CD4A47E}.Release|Any CPU.Build.0 = Release|Any CPU
		{9A4E6E1D-8093-442F-869A-989CD01BE0C3}.Debug|Any CPU.ActiveCfg = Debug|Any CPU
		{9A4E6E1D-8093-442F-869A-989CD01BE0C3}.Debug|Any CPU.Build.0 = Debug|Any CPU
		{9A4E6E1D-8093-442F-869A-989CD01BE0C3}.Release|Any CPU.ActiveCfg = Release|Any CPU
		{9A4E6E1D-8093-442F-869A-989CD01BE0C3}.Release|Any CPU.Build.0 = Release|Any CPU
		{ED2DD658-1543-4A88-BEE0-861F8D76515B}.Debug|Any CPU.ActiveCfg = Debug|Any CPU
		{ED2DD658-1543-4A88-BEE0-861F8D76515B}.Debug|Any CPU.Build.0 = Debug|Any CPU
		{ED2DD658-1543-4A88-BEE0-861F8D76515B}.Release|Any CPU.ActiveCfg = Release|Any CPU
		{ED2DD658-1543-4A88-BEE0-861F8D76515B}.Release|Any CPU.Build.0 = Release|Any CPU
	EndGlobalSection
	GlobalSection(SolutionProperties) = preSolution
		HideSolutionNode = FALSE
	EndGlobalSection
	GlobalSection(ExtensibilityGlobals) = postSolution
		SolutionGuid = {DD5144F2-504A-4868-9DB2-8072D4AE265D}
	EndGlobalSection
EndGlobal
